{
    "name": "json-editor-coding-challenge",
    "version": "1.0.0",
    "lockfileVersion": 2,
    "requires": true,
    "packages": {
        "": {
            "name": "json-editor-coding-challenge",
            "version": "1.0.0",
            "hasInstallScript": true,
            "license": "ISC",
            "engines": {
                "node": ">=18.13.0"
            }
        }
    }
}
